
Microsoft Visual Studio Solution File, Format Version 12.00
# Visual Studio Version 16
VisualStudioVersion = 16.0.30621.155
MinimumVisualStudioVersion = 10.0.40219.1
Project("{FAE04EC0-301F-11D3-BF4B-00C04F79EFBC}") = "ContestWinnerFromCsv", "ContestWinnerFromCsv.csproj", "{C47B195B-535F-4158-A6D4-F9DD12A9652E}"
EndProject
Project("{FAE04EC0-301F-11D3-BF4B-00C04F79EFBC}") = "ContestWinnerFromCsv.Tests", "..\ContestWinnerFromCsv.Tests\ContestWinnerFromCsv.Tests.csproj", "{2E9702ED-40B8-4584-9B7B-BD75BE0351A4}"
EndProject
Global
	GlobalSection(SolutionConfigurationPlatforms) = preSolution
		Debug|Any CPU = Debug|Any CPU
		Release|Any CPU = Release|Any CPU
	EndGlobalSection
	GlobalSection(ProjectConfigurationPlatforms) = postSolution
		{C47B195B-535F-4158-A6D4-F9DD12A9652E}.Debug|Any CPU.ActiveCfg = Debug|Any CPU
		{C47B195B-535F-4158-A6D4-F9DD12A9652E}.Debug|Any CPU.Build.0 = Debug|Any CPU
		{C47B195B-535F-4158-A6D4-F9DD12A9652E}.Release|Any CPU.ActiveCfg = Release|Any CPU
		{C47B195B-535F-4158-A6D4-F9DD12A9652E}.Release|Any CPU.Build.0 = Release|Any CPU
		{2E9702ED-40B8-4584-9B7B-BD75BE0351A4}.Debug|Any CPU.ActiveCfg = Debug|Any CPU
		{2E9702ED-40B8-4584-9B7B-BD75BE0351A4}.Debug|Any CPU.Build.0 = Debug|Any CPU
		{2E9702ED-40B8-4584-9B7B-BD75BE0351A4}.Release|Any CPU.ActiveCfg = Release|Any CPU
		{2E9702ED-40B8-4584-9B7B-BD75BE0351A4}.Release|Any CPU.Build.0 = Release|Any CPU
	EndGlobalSection
	GlobalSection(SolutionProperties) = preSolution
		HideSolutionNode = FALSE
	EndGlobalSection
	GlobalSection(ExtensibilityGlobals) = postSolution
		SolutionGuid = {B8A318BA-22DA-44F6-A97F-46F6C320C0C7}
	EndGlobalSection
EndGlobal
